
Microsoft Visual Studio Solution File, Format Version 12.00
# Visual Studio Version 17
VisualStudioVersion = 17.5.33627.172
MinimumVisualStudioVersion = 10.0.40219.1
Project("{9A19103F-16F7-4668-BE54-9A1E7A4F7556}") = "Shop", "Shop\Shop.csproj", "{3AD9886E-1561-4A23-AD2F-19ED0C20E4B1}"
EndProject
Project("{9A19103F-16F7-4668-BE54-9A1E7A4F7556}") = "Shop.Infrastructure", "Shop.Infrastructure\Shop.Infrastructure.csproj", "{947847AC-0FC9-43C2-B9C1-05DDCDA80965}"
EndProject
Project("{9A19103F-16F7-4668-BE54-9A1E7A4F7556}") = "Shop.Domain", "Shop.Domain\Shop.Domain.csproj", "{32BD6A5E-62DA-4F7D-86F8-78E58B7B6007}"
EndProject
Project("{FAE04EC0-301F-11D3-BF4B-00C04F79EFBC}") = "Shop.Aplication", "Shop.Aplication\Shop.Aplication.csproj", "{CA4AA23B-CAC3-4E22-A5FE-26D8338D1D65}"
EndProject
Global
	GlobalSection(SolutionConfigurationPlatforms) = preSolution
		Debug|Any CPU = Debug|Any CPU
		Release|Any CPU = Release|Any CPU
	EndGlobalSection
	GlobalSection(ProjectConfigurationPlatforms) = postSolution
		{3AD9886E-1561-4A23-AD2F-19ED0C20E4B1}.Debug|Any CPU.ActiveCfg = Debug|Any CPU
		{3AD9886E-1561-4A23-AD2F-19ED0C20E4B1}.Debug|Any CPU.Build.0 = Debug|Any CPU
		{3AD9886E-1561-4A23-AD2F-19ED0C20E4B1}.Release|Any CPU.ActiveCfg = Release|Any CPU
		{3AD9886E-1561-4A23-AD2F-19ED0C20E4B1}.Release|Any CPU.Build.0 = Release|Any CPU
		{947847AC-0FC9-43C2-B9C1-05DDCDA80965}.Debug|Any CPU.ActiveCfg = Debug|Any CPU
		{947847AC-0FC9-43C2-B9C1-05DDCDA80965}.Debug|Any CPU.Build.0 = Debug|Any CPU
		{947847AC-0FC9-43C2-B9C1-05DDCDA80965}.Release|Any CPU.ActiveCfg = Release|Any CPU
		{947847AC-0FC9-43C2-B9C1-05DDCDA80965}.Release|Any CPU.Build.0 = Release|Any CPU
		{32BD6A5E-62DA-4F7D-86F8-78E58B7B6007}.Debug|Any CPU.ActiveCfg = Debug|Any CPU
		{32BD6A5E-62DA-4F7D-86F8-78E58B7B6007}.Debug|Any CPU.Build.0 = Debug|Any CPU
		{32BD6A5E-62DA-4F7D-86F8-78E58B7B6007}.Release|Any CPU.ActiveCfg = Release|Any CPU
		{32BD6A5E-62DA-4F7D-86F8-78E58B7B6007}.Release|Any CPU.Build.0 = Release|Any CPU
		{CA4AA23B-CAC3-4E22-A5FE-26D8338D1D65}.Debug|Any CPU.ActiveCfg = Debug|Any CPU
		{CA4AA23B-CAC3-4E22-A5FE-26D8338D1D65}.Debug|Any CPU.Build.0 = Debug|Any CPU
		{CA4AA23B-CAC3-4E22-A5FE-26D8338D1D65}.Release|Any CPU.ActiveCfg = Release|Any CPU
		{CA4AA23B-CAC3-4E22-A5FE-26D8338D1D65}.Release|Any CPU.Build.0 = Release|Any CPU
	EndGlobalSection
	GlobalSection(SolutionProperties) = preSolution
		HideSolutionNode = FALSE
	EndGlobalSection
	GlobalSection(ExtensibilityGlobals) = postSolution
		SolutionGuid = {33C4D6F0-B255-4D71-8ADC-552DE1F0CA6A}
	EndGlobalSection
EndGlobal
